Microsoft Visual Studio Solution File, Format Version 8.00
Project("{8BC9CEB8-8B4A-11D0-8D11-00A0C91BC942}") = "synthesisTest", "synthesisTest.vcproj", "{E3AD4CC9-2FF9-44F2-9B61-D6536000BD8C}"
	ProjectSection(ProjectDependencies) = postProject
	EndProjectSection
EndProject
Global
	GlobalSection(SolutionConfiguration) = preSolution
		Debug = Debug
		Release = Release
	EndGlobalSection
	GlobalSection(ProjectConfiguration) = postSolution
		{E3AD4CC9-2FF9-44F2-9B61-D6536000BD8C}.Debug.ActiveCfg = Debug|Win32
		{E3AD4CC9-2FF9-44F2-9B61-D6536000BD8C}.Debug.Build.0 = Debug|Win32
		{E3AD4CC9-2FF9-44F2-9B61-D6536000BD8C}.Release.ActiveCfg = Release|Win32
		{E3AD4CC9-2FF9-44F2-9B61-D6536000BD8C}.Release.Build.0 = Release|Win32
	EndGlobalSection
	GlobalSection(ExtensibilityGlobals) = postSolution
	EndGlobalSection
	GlobalSection(ExtensibilityAddIns) = postSolution
	EndGlobalSection
EndGlobal
